// !$*UTF8*$!
{
	archiveVersion = 1;
	classes = {
	};
	objectVersion = 55;
	objects = {

/* Begin PBXBuildFile section */
		089F487027EF83D600A4ACB0 /* main.swift in Sources */ = {isa = PBXBuildFile; fileRef = 089F486F27EF83D600A4ACB0 /* main.swift */; };
		089F487727EF83F800A4ACB0 /* Player.swift in Sources */ = {isa = PBXBuildFile; fileRef = 089F487627EF83F800A4ACB0 /* Player.swift */; };
		089F487927EF83FF00A4ACB0 /* Character.swift in Sources */ = {isa = PBXBuildFile; fileRef = 089F487827EF83FF00A4ACB0 /* Character.swift */; };
		089F487B27EF841000A4ACB0 /* Weapon.swift in Sources */ = {isa = PBXBuildFile; fileRef = 089F487A27EF841000A4ACB0 /* Weapon.swift */; };
		089F487D27EF841700A4ACB0 /* Warrior.swift in Sources */ = {isa = PBXBuildFile; fileRef = 089F487C27EF841700A4ACB0 /* Warrior.swift */; };
		089F487F27EF842000A4ACB0 /* Magus.swift in Sources */ = {isa = PBXBuildFile; fileRef = 089F487E27EF842000A4ACB0 /* Magus.swift */; };
		089F488127EF842600A4ACB0 /* Colossus.swift in Sources */ = {isa = PBXBuildFile; fileRef = 089F488027EF842600A4ACB0 /* Colossus.swift */; };
		089F488327EF842C00A4ACB0 /* Sword.swift in Sources */ = {isa = PBXBuildFile; fileRef = 089F488227EF842C00A4ACB0 /* Sword.swift */; };
		089F488527EF843200A4ACB0 /* Stick.swift in Sources */ = {isa = PBXBuildFile; fileRef = 089F488427EF843200A4ACB0 /* Stick.swift */; };
		089F488727EF843800A4ACB0 /* Club.swift in Sources */ = {isa = PBXBuildFile; fileRef = 089F488627EF843800A4ACB0 /* Club.swift */; };
		089F488B27EF848000A4ACB0 /* Game.swift in Sources */ = {isa = PBXBuildFile; fileRef = 089F488A27EF848000A4ACB0 /* Game.swift */; };
/* End PBXBuildFile section */

/* Begin PBXCopyFilesBuildPhase section */
		089F486A27EF83D600A4ACB0 /* CopyFiles */ = {
			isa = PBXCopyFilesBuildPhase;
			buildActionMask = 2147483647;
			dstPath = /usr/share/man/man1/;
			dstSubfolderSpec = 0;
			files = (
			);
			runOnlyForDeploymentPostprocessing = 1;
		};
/* End PBXCopyFilesBuildPhase section */

/* Begin PBXFileReference section */
		089F486C27EF83D600A4ACB0 /* Game */ = {isa = PBXFileReference; explicitFileType = "compiled.mach-o.executable"; includeInIndex = 0; path = Game; sourceTree = BUILT_PRODUCTS_DIR; };
		089F486F27EF83D600A4ACB0 /* main.swift */ = {isa = PBXFileReference; lastKnownFileType = sourcecode.swift; path = main.swift; sourceTree = "<group>"; };
		089F487627EF83F800A4ACB0 /* Player.swift */ = {isa = PBXFileReference; lastKnownFileType = sourcecode.swift; path = Player.swift; sourceTree = "<group>"; };
		089F487827EF83FF00A4ACB0 /* Character.swift */ = {isa = PBXFileReference; lastKnownFileType = sourcecode.swift; path = Character.swift; sourceTree = "<group>"; };
		089F487A27EF841000A4ACB0 /* Weapon.swift */ = {isa = PBXFileReference; lastKnownFileType = sourcecode.swift; path = Weapon.swift; sourceTree = "<group>"; };
		089F487C27EF841700A4ACB0 /* Warrior.swift */ = {isa = PBXFileReference; lastKnownFileType = sourcecode.swift; path = Warrior.swift; sourceTree = "<group>"; };
		089F487E27EF842000A4ACB0 /* Magus.swift */ = {isa = PBXFileReference; lastKnownFileType = sourcecode.swift; path = Magus.swift; sourceTree = "<group>"; };
		089F488027EF842600A4ACB0 /* Colossus.swift */ = {isa = PBXFileReference; lastKnownFileType = sourcecode.swift; path = Colossus.swift; sourceTree = "<group>"; };
		089F488227EF842C00A4ACB0 /* Sword.swift */ = {isa = PBXFileReference; lastKnownFileType = sourcecode.swift; path = Sword.swift; sourceTree = "<group>"; };
		089F488427EF843200A4ACB0 /* Stick.swift */ = {isa = PBXFileReference; lastKnownFileType = sourcecode.swift; path = Stick.swift; sourceTree = "<group>"; };
		089F488627EF843800A4ACB0 /* Club.swift */ = {isa = PBXFileReference; lastKnownFileType = sourcecode.swift; path = Club.swift; sourceTree = "<group>"; };
		089F488A27EF848000A4ACB0 /* Game.swift */ = {isa = PBXFileReference; lastKnownFileType = sourcecode.swift; path = Game.swift; sourceTree = "<group>"; };
/* End PBXFileReference section */

/* Begin PBXFrameworksBuildPhase section */
		089F486927EF83D600A4ACB0 /* Frameworks */ = {
			isa = PBXFrameworksBuildPhase;
			buildActionMask = 2147483647;
			files = (
			);
			runOnlyForDeploymentPostprocessing = 0;
		};
/* End PBXFrameworksBuildPhase section */

/* Begin PBXGroup section */
		089F486327EF83D600A4ACB0 = {
			isa = PBXGroup;
			children = (
				089F486E27EF83D600A4ACB0 /* Game */,
				089F488927EF846000A4ACB0 /* Characters */,
				089F488827EF843E00A4ACB0 /* Weapons */,
				089F486D27EF83D600A4ACB0 /* Products */,
			);
			sourceTree = "<group>";
		};
		089F486D27EF83D600A4ACB0 /* Products */ = {
			isa = PBXGroup;
			children = (
				089F486C27EF83D600A4ACB0 /* Game */,
			);
			name = Products;
			sourceTree = "<group>";
		};
		089F486E27EF83D600A4ACB0 /* Game */ = {
			isa = PBXGroup;
			children = (
				089F486F27EF83D600A4ACB0 /* main.swift */,
				089F488A27EF848000A4ACB0 /* Game.swift */,
				089F487627EF83F800A4ACB0 /* Player.swift */,
				089F487827EF83FF00A4ACB0 /* Character.swift */,
				089F487A27EF841000A4ACB0 /* Weapon.swift */,
			);
			path = Game;
			sourceTree = "<group>";
		};
		089F488827EF843E00A4ACB0 /* Weapons */ = {
			isa = PBXGroup;
			children = (
				089F488627EF843800A4ACB0 /* Club.swift */,
				089F488427EF843200A4ACB0 /* Stick.swift */,
				089F488227EF842C00A4ACB0 /* Sword.swift */,
			);
			path = Weapons;
			sourceTree = "<group>";
		};
		089F488927EF846000A4ACB0 /* Characters */ = {
			isa = PBXGroup;
			children = (
				089F488027EF842600A4ACB0 /* Colossus.swift */,
				089F487E27EF842000A4ACB0 /* Magus.swift */,
				089F487C27EF841700A4ACB0 /* Warrior.swift */,
			);
			path = Characters;
			sourceTree = "<group>";
		};
/* End PBXGroup section */

/* Begin PBXNativeTarget section */
		089F486B27EF83D600A4ACB0 /* Game */ = {
			isa = PBXNativeTarget;
			buildConfigurationList = 089F487327EF83D600A4ACB0 /* Build configuration list for PBXNativeTarget "Game" */;
			buildPhases = (
				089F486827EF83D600A4ACB0 /* Sources */,
				089F486927EF83D600A4ACB0 /* Frameworks */,
				089F486A27EF83D600A4ACB0 /* CopyFiles */,
			);
			buildRules = (
			);
			dependencies = (
			);
			name = Game;
			productName = Game;
			productReference = 089F486C27EF83D600A4ACB0 /* Game */;
			productType = "com.apple.product-type.tool";
		};
/* End PBXNativeTarget section */

/* Begin PBXProject section */
		089F486427EF83D600A4ACB0 /* Project object */ = {
			isa = PBXProject;
			attributes = {
				BuildIndependentTargetsInParallel = 1;
				LastSwiftUpdateCheck = 1330;
				LastUpgradeCheck = 1330;
				TargetAttributes = {
					089F486B27EF83D600A4ACB0 = {
						CreatedOnToolsVersion = 13.3;
					};
				};
			};
			buildConfigurationList = 089F486727EF83D600A4ACB0 /* Build configuration list for PBXProject "Game" */;
			compatibilityVersion = "Xcode 13.0";
			developmentRegion = en;
			hasScannedForEncodings = 0;
			knownRegions = (
				en,
				Base,
			);
			mainGroup = 089F486327EF83D600A4ACB0;
			productRefGroup = 089F486D27EF83D600A4ACB0 /* Products */;
			projectDirPath = "";
			projectRoot = "";
			targets = (
				089F486B27EF83D600A4ACB0 /* Game */,
			);
		};
/* End PBXProject section */

/* Begin PBXSourcesBuildPhase section */
		089F486827EF83D600A4ACB0 /* Sources */ = {
			isa = PBXSourcesBuildPhase;
			buildActionMask = 2147483647;
			files = (
				089F487927EF83FF00A4ACB0 /* Character.swift in Sources */,
				089F487D27EF841700A4ACB0 /* Warrior.swift in Sources */,
				089F487B27EF841000A4ACB0 /* Weapon.swift in Sources */,
				089F488527EF843200A4ACB0 /* Stick.swift in Sources */,
				089F488127EF842600A4ACB0 /* Colossus.swift in Sources */,
				089F487727EF83F800A4ACB0 /* Player.swift in Sources */,
				089F488B27EF848000A4ACB0 /* Game.swift in Sources */,
				089F488327EF842C00A4ACB0 /* Sword.swift in Sources */,
				089F488727EF843800A4ACB0 /* Club.swift in Sources */,
				089F487027EF83D600A4ACB0 /* main.swift in Sources */,
				089F487F27EF842000A4ACB0 /* Magus.swift in Sources */,
			);
			runOnlyForDeploymentPostprocessing = 0;
		};
/* End PBXSourcesBuildPhase section */

/* Begin XCBuildConfiguration section */
		089F487127EF83D600A4ACB0 /* Debug */ = {
			isa = XCBuildConfiguration;
			buildSettings = {
				ALWAYS_SEARCH_USER_PATHS = NO;
				CLANG_ANALYZER_NONNULL = YES;
				CLANG_ANALYZER_NUMBER_OBJECT_CONVERSION = YES_AGGRESSIVE;
				CLANG_CXX_LANGUAGE_STANDARD = "gnu++17";
				CLANG_ENABLE_MODULES = YES;
				CLANG_ENABLE_OBJC_ARC = YES;
				CLANG_ENABLE_OBJC_WEAK = YES;
				CLANG_WARN_BLOCK_CAPTURE_AUTORELEASING = YES;
				CLANG_WARN_BOOL_CONVERSION = YES;
				CLANG_WARN_COMMA = YES;
				CLANG_WARN_CONSTANT_CONVERSION = YES;
				CLANG_WARN_DEPRECATED_OBJC_IMPLEMENTATIONS = YES;
				CLANG_WARN_DIRECT_OBJC_ISA_USAGE = YES_ERROR;
				CLANG_WARN_DOCUMENTATION_COMMENTS = YES;
				CLANG_WARN_EMPTY_BODY = YES;
				CLANG_WARN_ENUM_CONVERSION = YES;
				CLANG_WARN_INFINITE_RECURSION = YES;
				CLANG_WARN_INT_CONVERSION = YES;
				CLANG_WARN_NON_LITERAL_NULL_CONVERSION = YES;
				CLANG_WARN_OBJC_IMPLICIT_RETAIN_SELF = YES;
				CLANG_WARN_OBJC_LITERAL_CONVERSION = YES;
				CLANG_WARN_OBJC_ROOT_CLASS = YES_ERROR;
				CLANG_WARN_QUOTED_INCLUDE_IN_FRAMEWORK_HEADER = YES;
				CLANG_WARN_RANGE_LOOP_ANALYSIS = YES;
				CLANG_WARN_STRICT_PROTOTYPES = YES;
				CLANG_WARN_SUSPICIOUS_MOVE = YES;
				CLANG_WARN_UNGUARDED_AVAILABILITY = YES_AGGRESSIVE;
				CLANG_WARN_UNREACHABLE_CODE = YES;
				CLANG_WARN__DUPLICATE_METHOD_MATCH = YES;
				COPY_PHASE_STRIP = NO;
				DEBUG_INFORMATION_FORMAT = dwarf;
				ENABLE_STRICT_OBJC_MSGSEND = YES;
				ENABLE_TESTABILITY = YES;
				GCC_C_LANGUAGE_STANDARD = gnu11;
				GCC_DYNAMIC_NO_PIC = NO;
				GCC_NO_COMMON_BLOCKS = YES;
				GCC_OPTIMIZATION_LEVEL = 0;
				GCC_PREPROCESSOR_DEFINITIONS = (
					"DEBUG=1",
					"$(inherited)",
				);
				GCC_WARN_64_TO_32_BIT_CONVERSION = YES;
				GCC_WARN_ABOUT_RETURN_TYPE = YES_ERROR;
				GCC_WARN_UNDECLARED_SELECTOR = YES;
				GCC_WARN_UNINITIALIZED_AUTOS = YES_AGGRESSIVE;
				GCC_WARN_UNUSED_FUNCTION = YES;
				GCC_WARN_UNUSED_VARIABLE = YES;
				MACOSX_DEPLOYMENT_TARGET = 12.1;
				MTL_ENABLE_DEBUG_INFO = INCLUDE_SOURCE;
				MTL_FAST_MATH = YES;
				ONLY_ACTIVE_ARCH = YES;
				SDKROOT = macosx;
				SWIFT_ACTIVE_COMPILATION_CONDITIONS = DEBUG;
				SWIFT_OPTIMIZATION_LEVEL = "-Onone";
			};
			name = Debug;
		};
		089F487227EF83D600A4ACB0 /* Release */ = {
			isa = XCBuildConfiguration;
			buildSettings = {
				ALWAYS_SEARCH_USER_PATHS = NO;
				CLANG_ANALYZER_NONNULL = YES;
				CLANG_ANALYZER_NUMBER_OBJECT_CONVERSION = YES_AGGRESSIVE;
				CLANG_CXX_LANGUAGE_STANDARD = "gnu++17";
				CLANG_ENABLE_MODULES = YES;
				CLANG_ENABLE_OBJC_ARC = YES;
				CLANG_ENABLE_OBJC_WEAK = YES;
				CLANG_WARN_BLOCK_CAPTURE_AUTORELEASING = YES;
				CLANG_WARN_BOOL_CONVERSION = YES;
				CLANG_WARN_COMMA = YES;
				CLANG_WARN_CONSTANT_CONVERSION = YES;
				CLANG_WARN_DEPRECATED_OBJC_IMPLEMENTATIONS = YES;
				CLANG_WARN_DIRECT_OBJC_ISA_USAGE = YES_ERROR;
				CLANG_WARN_DOCUMENTATION_COMMENTS = YES;
				CLANG_WARN_EMPTY_BODY = YES;
				CLANG_WARN_ENUM_CONVERSION = YES;
				CLANG_WARN_INFINITE_RECURSION = YES;
				CLANG_WARN_INT_CONVERSION = YES;
				CLANG_WARN_NON_LITERAL_NULL_CONVERSION = YES;
				CLANG_WARN_OBJC_IMPLICIT_RETAIN_SELF = YES;
				CLANG_WARN_OBJC_LITERAL_CONVERSION = YES;
				CLANG_WARN_OBJC_ROOT_CLASS = YES_ERROR;
				CLANG_WARN_QUOTED_INCLUDE_IN_FRAMEWORK_HEADER = YES;
				CLANG_WARN_RANGE_LOOP_ANALYSIS = YES;
				CLANG_WARN_STRICT_PROTOTYPES = YES;
				CLANG_WARN_SUSPICIOUS_MOVE = YES;
				CLANG_WARN_UNGUARDED_AVAILABILITY = YES_AGGRESSIVE;
				CLANG_WARN_UNREACHABLE_CODE = YES;
				CLANG_WARN__DUPLICATE_METHOD_MATCH = YES;
				COPY_PHASE_STRIP = NO;
				DEBUG_INFORMATION_FORMAT = "dwarf-with-dsym";
				ENABLE_NS_ASSERTIONS = NO;
				ENABLE_STRICT_OBJC_MSGSEND = YES;
				GCC_C_LANGUAGE_STANDARD = gnu11;
				GCC_NO_COMMON_BLOCKS = YES;
				GCC_WARN_64_TO_32_BIT_CONVERSION = YES;
				GCC_WARN_ABOUT_RETURN_TYPE = YES_ERROR;
				GCC_WARN_UNDECLARED_SELECTOR = YES;
				GCC_WARN_UNINITIALIZED_AUTOS = YES_AGGRESSIVE;
				GCC_WARN_UNUSED_FUNCTION = YES;
				GCC_WARN_UNUSED_VARIABLE = YES;
				MACOSX_DEPLOYMENT_TARGET = 12.1;
				MTL_ENABLE_DEBUG_INFO = NO;
				MTL_FAST_MATH = YES;
				SDKROOT = macosx;
				SWIFT_COMPILATION_MODE = wholemodule;
				SWIFT_OPTIMIZATION_LEVEL = "-O";
			};
			name = Release;
		};
		089F487427EF83D600A4ACB0 /* Debug */ = {
			isa = XCBuildConfiguration;
			buildSettings = {
				CODE_SIGN_STYLE = Automatic;
				DEVELOPMENT_TEAM = X63M2R8LXU;
				ENABLE_HARDENED_RUNTIME = YES;
				PRODUCT_NAME = "$(TARGET_NAME)";
				SWIFT_VERSION = 5.0;
			};
			name = Debug;
		};
		089F487527EF83D600A4ACB0 /* Release */ = {
			isa = XCBuildConfiguration;
			buildSettings = {
				CODE_SIGN_STYLE = Automatic;
				DEVELOPMENT_TEAM = X63M2R8LXU;
				ENABLE_HARDENED_RUNTIME = YES;
				PRODUCT_NAME = "$(TARGET_NAME)";
				SWIFT_VERSION = 5.0;
			};
			name = Release;
		};
/* End XCBuildConfiguration section */

/* Begin XCConfigurationList section */
		089F486727EF83D600A4ACB0 /* Build configuration list for PBXProject "Game" */ = {
			isa = XCConfigurationList;
			buildConfigurations = (
				089F487127EF83D600A4ACB0 /* Debug */,
				089F487227EF83D600A4ACB0 /* Release */,
			);
			defaultConfigurationIsVisible = 0;
			defaultConfigurationName = Release;
		};
		089F487327EF83D600A4ACB0 /* Build configuration list for PBXNativeTarget "Game" */ = {
			isa = XCConfigurationList;
			buildConfigurations = (
				089F487427EF83D600A4ACB0 /* Debug */,
				089F487527EF83D600A4ACB0 /* Release */,
			);
			defaultConfigurationIsVisible = 0;
			defaultConfigurationName = Release;
		};
/* End XCConfigurationList section */
	};
	rootObject = 089F486427EF83D600A4ACB0 /* Project object */;
}
